<?xml version="1.0" encoding="utf-8"?>
<Project ToolsVersion="4.0" xmlns="http://schemas.microsoft.com/developer/msbuild/2003">
  <ItemGroup>
    <Filter Include="Source Files">
      <UniqueIdentifier>{4FC737F1-C7A5-4376-A066-2A32D752A2FF}</UniqueIdentifier>
      <Extensions>cpp;c;cc;cxx;def;odl;idl;hpj;bat;asm;asmx</Extensions>
    </Filter>
    <Filter Include="Resource Files">
      <UniqueIdentifier>{67DA6AB6-F800-4c08-8B7A-83BB121AAD01}</UniqueIdentifier>
      <Extensions>rc;ico;cur;bmp;dlg;rc2;rct;bin;rgs;gif;jpg;jpeg;jpe;resx;tiff;tif;png;wav;mfcribbon-ms</Extensions>
    </Filter>
    <Filter Include="Vulkan Helpers">
      <UniqueIdentifier>{f5a3a1b7-6138-4ff2-b9c4-c02507553684}</UniqueIdentifier>
    </Filter>
  </ItemGroup>
  <ItemGroup>
    <ClCompile Include="main.cpp">
      <Filter>Source Files</Filter>
    </ClCompile>
    <ClCompile Include="Wnd.cpp">
      <Filter>Source Files</Filter>
    </ClCompile>
    <ClCompile Include="VulkanGraphics.cpp">
      <Filter>Source Files</Filter>
    </ClCompile>
    <ClCompile Include="..\include\smallvulkanwrappers\vulkantools.cpp">
      <Filter>Vulkan Helpers</Filter>
    </ClCompile>
    <ClCompile Include="..\include\smallvulkanwrappers\vulkandebug.cpp">
      <Filter>Vulkan Helpers</Filter>
    </ClCompile>
    <ClCompile Include="VulkanSwapChain.cpp">
      <Filter>Source Files</Filter>
    </ClCompile>
    <ClCompile Include="VulkanCommandBufferFactory.cpp">
      <Filter>Source Files</Filter>
    </ClCompile>
    <ClCompile Include="VulkanDepthStencil.cpp">
      <Filter>Source Files</Filter>
    </ClCompile>
    <ClCompile Include="VulkanMemoryHelper.cpp">
      <Filter>Source Files</Filter>
    </ClCompile>
    <ClCompile Include="VulkanRenderPassFactory.cpp">
      <Filter>Source Files</Filter>
    </ClCompile>
  </ItemGroup>
  <ItemGroup>
    <ClInclude Include="ErrorReporting.h">
      <Filter>Source Files</Filter>
    </ClInclude>
    <ClInclude Include="Wnd.h">
      <Filter>Source Files</Filter>
    </ClInclude>
    <ClInclude Include="VulkanGraphics.h">
      <Filter>Source Files</Filter>
    </ClInclude>
    <ClInclude Include="VulkanHelper.h">
      <Filter>Source Files</Filter>
    </ClInclude>
    <ClInclude Include="..\include\smallvulkanwrappers\vulkandebug.h">
      <Filter>Vulkan Helpers</Filter>
    </ClInclude>
    <ClInclude Include="..\include\smallvulkanwrappers\vulkantools.h">
      <Filter>Vulkan Helpers</Filter>
    </ClInclude>
    <ClInclude Include="VulkanSwapChain.h">
      <Filter>Source Files</Filter>
    </ClInclude>
    <ClInclude Include="DebugPrint.h">
      <Filter>Source Files</Filter>
    </ClInclude>
    <ClInclude Include="VulkanCommandBufferFactory.h">
      <Filter>Source Files</Filter>
    </ClInclude>
    <ClInclude Include="VulkanDepthStencil.h">
      <Filter>Source Files</Filter>
    </ClInclude>
    <ClInclude Include="VulkanMemoryHelper.h">
      <Filter>Source Files</Filter>
    </ClInclude>
    <ClInclude Include="VulkanRenderPassFactory.h">
      <Filter>Source Files</Filter>
    </ClInclude>
  </ItemGroup>
</Project>